
Microsoft Visual Studio Solution File, Format Version 12.00
# Visual Studio Version 17
VisualStudioVersion = 17.2.32526.322
MinimumVisualStudioVersion = 10.0.40219.1
Project("{54A90642-561A-4BB1-A94E-469ADEE60C69}") = "reactproject1", "reactproject1\reactproject1.esproj", "{49D15B39-1AF0-4274-89FE-B0876A60466D}"
EndProject
Project("{FAE04EC0-301F-11D3-BF4B-00C04F79EFBC}") = "WebApplication2", "WebApplication2\WebApplication2.csproj", "{E9471345-6D06-4E70-AB18-31DB6FF09AA3}"
EndProject
Global
	GlobalSection(SolutionConfigurationPlatforms) = preSolution
		Debug|Any CPU = Debug|Any CPU
		Release|Any CPU = Release|Any CPU
	EndGlobalSection
	GlobalSection(ProjectConfigurationPlatforms) = postSolution
		{49D15B39-1AF0-4274-89FE-B0876A60466D}.Debug|Any CPU.ActiveCfg = Debug|Any CPU
		{49D15B39-1AF0-4274-89FE-B0876A60466D}.Debug|Any CPU.Build.0 = Debug|Any CPU
		{49D15B39-1AF0-4274-89FE-B0876A60466D}.Debug|Any CPU.Deploy.0 = Debug|Any CPU
		{49D15B39-1AF0-4274-89FE-B0876A60466D}.Release|Any CPU.ActiveCfg = Release|Any CPU
		{49D15B39-1AF0-4274-89FE-B0876A60466D}.Release|Any CPU.Build.0 = Release|Any CPU
		{49D15B39-1AF0-4274-89FE-B0876A60466D}.Release|Any CPU.Deploy.0 = Release|Any CPU
		{E9471345-6D06-4E70-AB18-31DB6FF09AA3}.Debug|Any CPU.ActiveCfg = Debug|Any CPU
		{E9471345-6D06-4E70-AB18-31DB6FF09AA3}.Debug|Any CPU.Build.0 = Debug|Any CPU
		{E9471345-6D06-4E70-AB18-31DB6FF09AA3}.Release|Any CPU.ActiveCfg = Release|Any CPU
		{E9471345-6D06-4E70-AB18-31DB6FF09AA3}.Release|Any CPU.Build.0 = Release|Any CPU
	EndGlobalSection
	GlobalSection(SolutionProperties) = preSolution
		HideSolutionNode = FALSE
	EndGlobalSection
	GlobalSection(ExtensibilityGlobals) = postSolution
		SolutionGuid = {0063DD10-01D9-417C-86AD-BA210B95894A}
	EndGlobalSection
EndGlobal
